lockfileVersion: '6.0'

devDependencies:
  '@playwright/test':
    specifier: ^1.33.0
    version: 1.33.0
  '@types/node':
    specifier: ^20.2.1
    version: 20.2.1

packages:

  /@playwright/test@1.33.0:
    resolution: {integrity: sha512-YunBa2mE7Hq4CfPkGzQRK916a4tuZoVx/EpLjeWlTVOnD4S2+fdaQZE0LJkbfhN5FTSKNLdcl7MoT5XB37bTkg==}
    engines: {node: '>=14'}
    hasBin: true
    dependencies:
      '@types/node': 20.2.1
      playwright-core: 1.33.0
    optionalDependencies:
      fsevents: 2.3.2
    dev: true

  /@types/node@20.2.1:
    resolution: {integrity: sha512-DqJociPbZP1lbZ5SQPk4oag6W7AyaGMO6gSfRwq3PWl4PXTwJpRQJhDq4W0kzrg3w6tJ1SwlvGZ5uKFHY13LIg==}
    dev: true

  /fsevents@2.3.2:
    resolution: {integrity: sha512-xiqMQR4xAeHTuB9uWm+fFRcIOgKBMiOBP+eXiyT7jsgVCq1bkVygt00oASowB7EdtpOHaaPgKt812P9ab+DDKA==}
    engines: {node: ^8.16.0 || ^10.6.0 || >=11.0.0}
    os: [darwin]
    requiresBuild: true
    dev: true
    optional: true

  /playwright-core@1.33.0:
    resolution: {integrity: sha512-aizyPE1Cj62vAECdph1iaMILpT0WUDCq3E6rW6I+dleSbBoGbktvJtzS6VHkZ4DKNEOG9qJpiom/ZxO+S15LAw==}
    engines: {node: '>=14'}
    hasBin: true
    dev: true
